
Microsoft Visual Studio Solution File, Format Version 12.00
# Visual Studio Version 17
VisualStudioVersion = 17.6.33829.357
MinimumVisualStudioVersion = 10.0.40219.1
Project("{8BC9CEB8-8B4A-11D0-8D11-00A0C91BC942}") = "LTCB_giaithua", "LTCB_giaithua\LTCB_giaithua.vcxproj", "{3303085C-29C1-4921-90F7-5D201A95AB1D}"
EndProject
Global
	GlobalSection(SolutionConfigurationPlatforms) = preSolution
		Debug|x64 = Debug|x64
		Debug|x86 = Debug|x86
		Release|x64 = Release|x64
		Release|x86 = Release|x86
	EndGlobalSection
	GlobalSection(ProjectConfigurationPlatforms) = postSolution
		{3303085C-29C1-4921-90F7-5D201A95AB1D}.Debug|x64.ActiveCfg = Debug|x64
		{3303085C-29C1-4921-90F7-5D201A95AB1D}.Debug|x64.Build.0 = Debug|x64
		{3303085C-29C1-4921-90F7-5D201A95AB1D}.Debug|x86.ActiveCfg = Debug|Win32
		{3303085C-29C1-4921-90F7-5D201A95AB1D}.Debug|x86.Build.0 = Debug|Win32
		{3303085C-29C1-4921-90F7-5D201A95AB1D}.Release|x64.ActiveCfg = Release|x64
		{3303085C-29C1-4921-90F7-5D201A95AB1D}.Release|x64.Build.0 = Release|x64
		{3303085C-29C1-4921-90F7-5D201A95AB1D}.Release|x86.ActiveCfg = Release|Win32
		{3303085C-29C1-4921-90F7-5D201A95AB1D}.Release|x86.Build.0 = Release|Win32
	EndGlobalSection
	GlobalSection(SolutionProperties) = preSolution
		HideSolutionNode = FALSE
	EndGlobalSection
	GlobalSection(ExtensibilityGlobals) = postSolution
		SolutionGuid = {3D748DAF-6309-459A-8727-BA71F8AA3BB4}
	EndGlobalSection
EndGlobal
